
Microsoft Visual Studio Solution File, Format Version 12.00
# Visual Studio Version 17
VisualStudioVersion = 17.6.33829.357
MinimumVisualStudioVersion = 10.0.40219.1
Project("{9A19103F-16F7-4668-BE54-9A1E7A4F7556}") = "AssignmentOleg", "AssignmentOleg\AssignmentOleg.csproj", "{C1A8FB0A-9954-429E-B1FC-28AE1C4546E5}"
EndProject
Project("{2150E333-8FDC-42A3-9474-1A3956D46DE8}") = "Solution Items", "Solution Items", "{B236006E-9552-4FCB-BDCE-34524348AC0C}"
	ProjectSection(SolutionItems) = preProject
		WPF.txt = WPF.txt
	EndProjectSection
EndProject
Project("{FAE04EC0-301F-11D3-BF4B-00C04F79EFBC}") = "Database Access", "Database Access\Database Access.csproj", "{FF38A26E-D3E7-4A69-A9D5-E8EA0B9D7117}"
EndProject
Global
	GlobalSection(SolutionConfigurationPlatforms) = preSolution
		Debug|Any CPU = Debug|Any CPU
		Release|Any CPU = Release|Any CPU
	EndGlobalSection
	GlobalSection(ProjectConfigurationPlatforms) = postSolution
		{C1A8FB0A-9954-429E-B1FC-28AE1C4546E5}.Debug|Any CPU.ActiveCfg = Debug|Any CPU
		{C1A8FB0A-9954-429E-B1FC-28AE1C4546E5}.Debug|Any CPU.Build.0 = Debug|Any CPU
		{C1A8FB0A-9954-429E-B1FC-28AE1C4546E5}.Release|Any CPU.ActiveCfg = Release|Any CPU
		{C1A8FB0A-9954-429E-B1FC-28AE1C4546E5}.Release|Any CPU.Build.0 = Release|Any CPU
		{FF38A26E-D3E7-4A69-A9D5-E8EA0B9D7117}.Debug|Any CPU.ActiveCfg = Debug|Any CPU
		{FF38A26E-D3E7-4A69-A9D5-E8EA0B9D7117}.Debug|Any CPU.Build.0 = Debug|Any CPU
		{FF38A26E-D3E7-4A69-A9D5-E8EA0B9D7117}.Release|Any CPU.ActiveCfg = Release|Any CPU
		{FF38A26E-D3E7-4A69-A9D5-E8EA0B9D7117}.Release|Any CPU.Build.0 = Release|Any CPU
	EndGlobalSection
	GlobalSection(SolutionProperties) = preSolution
		HideSolutionNode = FALSE
	EndGlobalSection
	GlobalSection(ExtensibilityGlobals) = postSolution
		SolutionGuid = {B174D648-240B-49D8-A1E8-6B2AE8927F4A}
	EndGlobalSection
EndGlobal
